
Microsoft Visual Studio Solution File, Format Version 12.00
# Visual Studio Version 17
VisualStudioVersion = 17.5.33424.131
MinimumVisualStudioVersion = 10.0.40219.1
Project("{8BC9CEB8-8B4A-11D0-8D11-00A0C91BC942}") = "Staticmember_068", "Staticmember_068\Staticmember_068.vcxproj", "{E9166152-AC0C-4919-A400-A51F834EF8CC}"
EndProject
Project("{8BC9CEB8-8B4A-11D0-8D11-00A0C91BC942}") = "mbrStaticFunc", "mbrStaticFunc\mbrStaticFunc.vcxproj", "{B715ACFB-5617-4C10-80C4-CF061B6C73EE}"
EndProject
Project("{8BC9CEB8-8B4A-11D0-8D11-00A0C91BC942}") = "chainfunction", "chainfunction\chainfunction.vcxproj", "{EE9117DD-98C6-4E54-9D2F-A3D95C96CFE1}"
EndProject
Project("{8BC9CEB8-8B4A-11D0-8D11-00A0C91BC942}") = "constructor", "constructor\constructor.vcxproj", "{5E640350-0182-4AE3-8DF3-78927A2B032C}"
EndProject
Global
	GlobalSection(SolutionConfigurationPlatforms) = preSolution
		Debug|x64 = Debug|x64
		Debug|x86 = Debug|x86
		Release|x64 = Release|x64
		Release|x86 = Release|x86
	EndGlobalSection
	GlobalSection(ProjectConfigurationPlatforms) = postSolution
		{E9166152-AC0C-4919-A400-A51F834EF8CC}.Debug|x64.ActiveCfg = Debug|x64
		{E9166152-AC0C-4919-A400-A51F834EF8CC}.Debug|x64.Build.0 = Debug|x64
		{E9166152-AC0C-4919-A400-A51F834EF8CC}.Debug|x86.ActiveCfg = Debug|Win32
		{E9166152-AC0C-4919-A400-A51F834EF8CC}.Debug|x86.Build.0 = Debug|Win32
		{E9166152-AC0C-4919-A400-A51F834EF8CC}.Release|x64.ActiveCfg = Release|x64
		{E9166152-AC0C-4919-A400-A51F834EF8CC}.Release|x64.Build.0 = Release|x64
		{E9166152-AC0C-4919-A400-A51F834EF8CC}.Release|x86.ActiveCfg = Release|Win32
		{E9166152-AC0C-4919-A400-A51F834EF8CC}.Release|x86.Build.0 = Release|Win32
		{B715ACFB-5617-4C10-80C4-CF061B6C73EE}.Debug|x64.ActiveCfg = Debug|x64
		{B715ACFB-5617-4C10-80C4-CF061B6C73EE}.Debug|x64.Build.0 = Debug|x64
		{B715ACFB-5617-4C10-80C4-CF061B6C73EE}.Debug|x86.ActiveCfg = Debug|Win32
		{B715ACFB-5617-4C10-80C4-CF061B6C73EE}.Debug|x86.Build.0 = Debug|Win32
		{B715ACFB-5617-4C10-80C4-CF061B6C73EE}.Release|x64.ActiveCfg = Release|x64
		{B715ACFB-5617-4C10-80C4-CF061B6C73EE}.Release|x64.Build.0 = Release|x64
		{B715ACFB-5617-4C10-80C4-CF061B6C73EE}.Release|x86.ActiveCfg = Release|Win32
		{B715ACFB-5617-4C10-80C4-CF061B6C73EE}.Release|x86.Build.0 = Release|Win32
		{EE9117DD-98C6-4E54-9D2F-A3D95C96CFE1}.Debug|x64.ActiveCfg = Debug|x64
		{EE9117DD-98C6-4E54-9D2F-A3D95C96CFE1}.Debug|x64.Build.0 = Debug|x64
		{EE9117DD-98C6-4E54-9D2F-A3D95C96CFE1}.Debug|x86.ActiveCfg = Debug|Win32
		{EE9117DD-98C6-4E54-9D2F-A3D95C96CFE1}.Debug|x86.Build.0 = Debug|Win32
		{EE9117DD-98C6-4E54-9D2F-A3D95C96CFE1}.Release|x64.ActiveCfg = Release|x64
		{EE9117DD-98C6-4E54-9D2F-A3D95C96CFE1}.Release|x64.Build.0 = Release|x64
		{EE9117DD-98C6-4E54-9D2F-A3D95C96CFE1}.Release|x86.ActiveCfg = Release|Win32
		{EE9117DD-98C6-4E54-9D2F-A3D95C96CFE1}.Release|x86.Build.0 = Release|Win32
		{5E640350-0182-4AE3-8DF3-78927A2B032C}.Debug|x64.ActiveCfg = Debug|x64
		{5E640350-0182-4AE3-8DF3-78927A2B032C}.Debug|x64.Build.0 = Debug|x64
		{5E640350-0182-4AE3-8DF3-78927A2B032C}.Debug|x86.ActiveCfg = Debug|Win32
		{5E640350-0182-4AE3-8DF3-78927A2B032C}.Debug|x86.Build.0 = Debug|Win32
		{5E640350-0182-4AE3-8DF3-78927A2B032C}.Release|x64.ActiveCfg = Release|x64
		{5E640350-0182-4AE3-8DF3-78927A2B032C}.Release|x64.Build.0 = Release|x64
		{5E640350-0182-4AE3-8DF3-78927A2B032C}.Release|x86.ActiveCfg = Release|Win32
		{5E640350-0182-4AE3-8DF3-78927A2B032C}.Release|x86.Build.0 = Release|Win32
	EndGlobalSection
	GlobalSection(SolutionProperties) = preSolution
		HideSolutionNode = FALSE
	EndGlobalSection
	GlobalSection(ExtensibilityGlobals) = postSolution
		SolutionGuid = {78A9DE1A-DA3F-447C-90BC-A33E4407D4FF}
	EndGlobalSection
EndGlobal
